
Microsoft Visual Studio Solution File, Format Version 12.00
# Visual Studio Version 17
VisualStudioVersion = 17.10.35004.147
MinimumVisualStudioVersion = 10.0.40219.1
Project("{9A19103F-16F7-4668-BE54-9A1E7A4F7556}") = "RiotAutoLogin", "RiotAutoLogin\RiotAutoLogin.csproj", "{35759FDF-3591-4125-B510-C8C9A8668B7F}"
EndProject
Project("{2150E333-8FDC-42A3-9474-1A3956D46DE8}") = "Položky řešení", "Položky řešení", "{7B59AD51-BBBB-4653-BDE1-0E81F43BB43B}"
EndProject
Global
	GlobalSection(SolutionConfigurationPlatforms) = preSolution
		Debug|Any CPU = Debug|Any CPU
		Release|Any CPU = Release|Any CPU
	EndGlobalSection
	GlobalSection(ProjectConfigurationPlatforms) = postSolution
		{35759FDF-3591-4125-B510-C8C9A8668B7F}.Debug|Any CPU.ActiveCfg = Debug|Any CPU
		{35759FDF-3591-4125-B510-C8C9A8668B7F}.Debug|Any CPU.Build.0 = Debug|Any CPU
		{35759FDF-3591-4125-B510-C8C9A8668B7F}.Release|Any CPU.ActiveCfg = Release|Any CPU
		{35759FDF-3591-4125-B510-C8C9A8668B7F}.Release|Any CPU.Build.0 = Release|Any CPU
	EndGlobalSection
	GlobalSection(SolutionProperties) = preSolution
		HideSolutionNode = FALSE
	EndGlobalSection
	GlobalSection(ExtensibilityGlobals) = postSolution
		SolutionGuid = {ADEB37D9-EEF7-4379-AAAA-F296DAABBD17}
	EndGlobalSection
EndGlobal
